{
  "name": "advent-2025",
  "lockfileVersion": 3,
  "requires": true,
  "packages": {
    "": {
      "dependencies": {
        "@types/node": "^24.10.1",
        "@typescript/native-preview": "^7.0.0-dev.20251201.1",
        "z3-solver": "^4.15.4"
      }
    },
    "node_modules/@types/node": {
      "version": "24.10.1",
      "resolved": "https://registry.npmjs.org/@types/node/-/node-24.10.1.tgz",
      "integrity": "sha512-GNWcUTRBgIRJD5zj+Tq0fKOJ5XZajIiBroOF0yvj2bSU1WvNdYS/dn9UxwsujGW4JX06dnHyjV2y9rRaybH0iQ==",
      "dependencies": {
        "undici-types": "~7.16.0"
      }
    },
    "node_modules/@typescript/native-preview": {
      "version": "7.0.0-dev.20251201.1",
      "resolved": "https://registry.npmjs.org/@typescript/native-preview/-/native-preview-7.0.0-dev.20251201.1.tgz",
      "integrity": "sha512-EiPEgGwNa2uHyyKgeoWTL6wWHKUBmF3xsfZ3OHofk7TxUuxb2mpLG5igEuaBe8iUwkCUl9uZgJvOu6o0wE5NSA==",
      "bin": {
        "tsgo": "bin/tsgo.js"
      },
      "optionalDependencies": {
        "@typescript/native-preview-darwin-arm64": "7.0.0-dev.20251201.1",
        "@typescript/native-preview-darwin-x64": "7.0.0-dev.20251201.1",
        "@typescript/native-preview-linux-arm": "7.0.0-dev.20251201.1",
        "@typescript/native-preview-linux-arm64": "7.0.0-dev.20251201.1",
        "@typescript/native-preview-linux-x64": "7.0.0-dev.20251201.1",
        "@typescript/native-preview-win32-arm64": "7.0.0-dev.20251201.1",
        "@typescript/native-preview-win32-x64": "7.0.0-dev.20251201.1"
      }
    },
    "node_modules/@typescript/native-preview-darwin-arm64": {
      "version": "7.0.0-dev.20251201.1",
      "resolved": "https://registry.npmjs.org/@typescript/native-preview-darwin-arm64/-/native-preview-darwin-arm64-7.0.0-dev.20251201.1.tgz",
      "integrity": "sha512-PY0BrlRF3YCZEMxzuk79IFSgpGqUErkdrW7Aq+/mF8DEET5uaDypTMb8Vz4CLYJ7Xvvxz8eZsLimPbv6hYDIvA==",
      "cpu": [
        "arm64"
      ],
      "optional": true,
      "os": [
        "darwin"
      ]
    },
    "node_modules/@typescript/native-preview-darwin-x64": {
      "version": "7.0.0-dev.20251201.1",
      "resolved": "https://registry.npmjs.org/@typescript/native-preview-darwin-x64/-/native-preview-darwin-x64-7.0.0-dev.20251201.1.tgz",
      "integrity": "sha512-YeDrjnsvXwm/MNG8aURT3J+cmHQIhpiElBKOVOy/H6ky4S2Ro9ufG+Bj9CqS3etbTCLhV5btk+QNh86DZ4VDkQ==",
      "cpu": [
        "x64"
      ],
      "optional": true,
      "os": [
        "darwin"
      ]
    },
    "node_modules/@typescript/native-preview-linux-arm": {
      "version": "7.0.0-dev.20251201.1",
      "resolved": "https://registry.npmjs.org/@typescript/native-preview-linux-arm/-/native-preview-linux-arm-7.0.0-dev.20251201.1.tgz",
      "integrity": "sha512-gr2EQYK888YdGROMc7l3N3MeKY1V3QVImKIQZNgqprV+N2rXaFnxGAZ+gql3LqZgRGel4a12vCUJeP7Pjl2gww==",
      "cpu": [
        "arm"
      ],
      "optional": true,
      "os": [
        "linux"
      ]
    },
    "node_modules/@typescript/native-preview-linux-arm64": {
      "version": "7.0.0-dev.20251201.1",
      "resolved": "https://registry.npmjs.org/@typescript/native-preview-linux-arm64/-/native-preview-linux-arm64-7.0.0-dev.20251201.1.tgz",
      "integrity": "sha512-HbEn+SBTDZEtwN/VUxA2To+6vEr7x++SCRc6yGp5y4onpBL2xnH17UoxWiqN9J4Bu1DbQ9jZv3D5CzwBlofPQA==",
      "cpu": [
        "arm64"
      ],
      "optional": true,
      "os": [
        "linux"
      ]
    },
    "node_modules/@typescript/native-preview-linux-x64": {
      "version": "7.0.0-dev.20251201.1",
      "resolved": "https://registry.npmjs.org/@typescript/native-preview-linux-x64/-/native-preview-linux-x64-7.0.0-dev.20251201.1.tgz",
      "integrity": "sha512-q94K/LZ3Ab/SbUBMBsf37VdsumeZ1dZmymJYlhGBqk/fdXBayL0diLR3RdzyeQWbCXAxWL5KFKLIiIc3cI/fcA==",
      "cpu": [
        "x64"
      ],
      "optional": true,
      "os": [
        "linux"
      ]
    },
    "node_modules/@typescript/native-preview-win32-arm64": {
      "version": "7.0.0-dev.20251201.1",
      "resolved": "https://registry.npmjs.org/@typescript/native-preview-win32-arm64/-/native-preview-win32-arm64-7.0.0-dev.20251201.1.tgz",
      "integrity": "sha512-/AFwpsX/G05bBsfVURfg4+/JC6gfvqj9jfFe/7oe1Y1J42koN5C8TH+eSmMOOEcPYpFjR1e+NWckqBJKaCXJ4A==",
      "cpu": [
        "arm64"
      ],
      "optional": true,
      "os": [
        "win32"
      ]
    },
    "node_modules/@typescript/native-preview-win32-x64": {
      "version": "7.0.0-dev.20251201.1",
      "resolved": "https://registry.npmjs.org/@typescript/native-preview-win32-x64/-/native-preview-win32-x64-7.0.0-dev.20251201.1.tgz",
      "integrity": "sha512-vTUCDEuSP4ifLHqb8aljuj44v6+M1HDKo1WLnboTDpwU7IIrTux/0jzkPfEHd9xd5FU4EhSA8ZrYDwKI0BcRcg==",
      "cpu": [
        "x64"
      ],
      "optional": true,
      "os": [
        "win32"
      ]
    },
    "node_modules/async-mutex": {
      "version": "0.3.2",
      "resolved": "https://registry.npmjs.org/async-mutex/-/async-mutex-0.3.2.tgz",
      "integrity": "sha512-HuTK7E7MT7jZEh1P9GtRW9+aTWiDWWi9InbZ5hjxrnRa39KS4BW04+xLBhYNS2aXhHUIKZSw3gj4Pn1pj+qGAA==",
      "dependencies": {
        "tslib": "^2.3.1"
      }
    },
    "node_modules/tslib": {
      "version": "2.8.1",
      "resolved": "https://registry.npmjs.org/tslib/-/tslib-2.8.1.tgz",
      "integrity": "sha512-oJFu94HQb+KVduSUQL7wnpmqnfmLsOA/nAh6b6EH0wCEoK0/mPeXU6c3wKDV83MkOuHPRHtSXKKU99IBazS/2w=="
    },
    "node_modules/undici-types": {
      "version": "7.16.0",
      "license": "MIT"
    },
    "node_modules/z3-solver": {
      "version": "4.15.4",
      "resolved": "https://registry.npmjs.org/z3-solver/-/z3-solver-4.15.4.tgz",
      "integrity": "sha512-Tcv55+k5VsPQEX7R3gIu5ieUeLp9fP1r+8+c85dQORj/v4Fy+LvOzVzZZtg4mJjUgfIhGCg6ZfAeiUiUxDPRVg==",
      "dependencies": {
        "async-mutex": "^0.3.2"
      },
      "engines": {
        "node": ">=16"
      }
    }
  }
}
